<?xml version="1.0" encoding="utf-8"?>
<Project ToolsVersion="4.0" xmlns="http://schemas.microsoft.com/developer/msbuild/2003">
  <ItemGroup>
    <ClCompile Include="src\gi_logic.cpp" />
    <ClCompile Include="src\gi.cpp" />
    <ClCompile Include="src\material_importer.cpp" />
    <ClCompile Include="src\postprocess.cpp" />
  </ItemGroup>
  <ItemGroup>
    <ClInclude Include="include\gi_logic.h" />
    <ClInclude Include="include\material_importer.h" />
    <ClInclude Include="include\postprocess.h" />
  </ItemGroup>
</Project>