<?xml version="1.0" encoding="utf-8"?>
<Project ToolsVersion="4.0" xmlns="http://schemas.microsoft.com/developer/msbuild/2003">
  <ItemGroup>
    <Filter Include="old">
      <UniqueIdentifier>{9cd26542-c182-4637-b309-2a36fd32f5cb}</UniqueIdentifier>
    </Filter>
    <Filter Include="old\graphics">
      <UniqueIdentifier>{0bf4e46e-31d3-4288-9240-c54e9169bafb}</UniqueIdentifier>
    </Filter>
    <Filter Include="old\graphics\include">
      <UniqueIdentifier>{047270a7-5036-4670-9fc3-d10a88206d41}</UniqueIdentifier>
    </Filter>
    <Filter Include="old\graphics\src">
      <UniqueIdentifier>{691a7c0f-3517-408a-8caf-1af0be77b31c}</UniqueIdentifier>
    </Filter>
    <Filter Include="include">
      <UniqueIdentifier>{8d6e244c-ba3e-4532-939b-79349da04ec3}</UniqueIdentifier>
    </Filter>
    <Filter Include="src">
      <UniqueIdentifier>{7df46c39-01bb-473b-af5a-8883a73bdb9d}</UniqueIdentifier>
    </Filter>
    <Filter Include="pattern">
      <UniqueIdentifier>{ccee2888-2df3-430d-ba05-49bd737850a7}</UniqueIdentifier>
    </Filter>
    <Filter Include="pattern\include">
      <UniqueIdentifier>{0396a7bf-5964-4705-9e98-846395e51c49}</UniqueIdentifier>
    </Filter>
    <Filter Include="scene">
      <UniqueIdentifier>{8d48d195-5273-46e3-8498-70667a83f177}</UniqueIdentifier>
    </Filter>
    <Filter Include="scene\include">
      <UniqueIdentifier>{8a5de385-f4bc-42fa-8bf9-8e0767401b11}</UniqueIdentifier>
    </Filter>
  </ItemGroup>
  <ItemGroup>
    <ClInclude Include="observable.h">
      <Filter>pattern\include</Filter>
    </ClInclude>
    <ClInclude Include="dx11graphics.h">
      <Filter>old\graphics\include</Filter>
    </ClInclude>
    <ClInclude Include="igraphics.h">
      <Filter>old\graphics\include</Filter>
    </ClInclude>
    <ClInclude Include="iterator.h">
      <Filter>pattern\include</Filter>
    </ClInclude>
    <ClInclude Include="time.h">
      <Filter>include</Filter>
    </ClInclude>
    <ClInclude Include="system.h">
      <Filter>include</Filter>
    </ClInclude>
    <ClInclude Include="guard.h">
      <Filter>pattern\include</Filter>
    </ClInclude>
    <ClInclude Include="exceptions.h">
      <Filter>include</Filter>
    </ClInclude>
    <ClInclude Include="scene.h">
      <Filter>scene\include</Filter>
    </ClInclude>
    <ClInclude Include="application.h">
      <Filter>include</Filter>
    </ClInclude>
  </ItemGroup>
  <ItemGroup>
    <ClCompile Include="dx11graphics.cpp">
      <Filter>old\graphics\src</Filter>
    </ClCompile>
    <ClCompile Include="system.cpp">
      <Filter>src</Filter>
    </ClCompile>
    <ClCompile Include="application.cpp">
      <Filter>src</Filter>
    </ClCompile>
  </ItemGroup>
</Project>