<?xml version="1.0" encoding="utf-8"?>
<Project ToolsVersion="4.0" xmlns="http://schemas.microsoft.com/developer/msbuild/2003">
  <ItemGroup>
    <Filter Include="pattern">
      <UniqueIdentifier>{ccee2888-2df3-430d-ba05-49bd737850a7}</UniqueIdentifier>
    </Filter>
    <Filter Include="scene">
      <UniqueIdentifier>{8d48d195-5273-46e3-8498-70667a83f177}</UniqueIdentifier>
    </Filter>
    <Filter Include="graphics">
      <UniqueIdentifier>{9b367e73-ee71-4afa-bd92-b013a0aa5432}</UniqueIdentifier>
    </Filter>
    <Filter Include="core">
      <UniqueIdentifier>{8d6e244c-ba3e-4532-939b-79349da04ec3}</UniqueIdentifier>
    </Filter>
    <Filter Include="FBX">
      <UniqueIdentifier>{7dc001f6-c62b-471a-a501-1aa07ce6de85}</UniqueIdentifier>
    </Filter>
    <Filter Include="graphics\directx XI">
      <UniqueIdentifier>{7f63097a-8a40-48d6-9d15-deb875f0b168}</UniqueIdentifier>
    </Filter>
    <Filter Include="os">
      <UniqueIdentifier>{8a322a3c-831f-4abe-93ba-ae8623c09933}</UniqueIdentifier>
    </Filter>
  </ItemGroup>
  <ItemGroup>
    <ClInclude Include="include\timer.h">
      <Filter>core</Filter>
    </ClInclude>
    <ClInclude Include="include\exceptions.h">
      <Filter>core</Filter>
    </ClInclude>
    <ClInclude Include="include\observable.h">
      <Filter>pattern</Filter>
    </ClInclude>
    <ClInclude Include="include\maybe.h">
      <Filter>pattern</Filter>
    </ClInclude>
    <ClInclude Include="include\macros.h">
      <Filter>core</Filter>
    </ClInclude>
    <ClInclude Include="include\core.h">
      <Filter>core</Filter>
    </ClInclude>
    <ClInclude Include="include\resources.h">
      <Filter>graphics</Filter>
    </ClInclude>
    <ClInclude Include="src\dx11\dx11graphics.h">
      <Filter>graphics\directx XI</Filter>
    </ClInclude>
    <ClInclude Include="src\dx11\dx11resources.h">
      <Filter>graphics\directx XI</Filter>
    </ClInclude>
    <ClInclude Include="include\scene.h">
      <Filter>scene</Filter>
    </ClInclude>
    <ClInclude Include="include\graphics.h">
      <Filter>graphics</Filter>
    </ClInclude>
    <ClInclude Include="include\fbx\fbx.h">
      <Filter>FBX</Filter>
    </ClInclude>
    <ClInclude Include="external\fnv1.h" />
    <ClInclude Include="include\bundles.h">
      <Filter>graphics</Filter>
    </ClInclude>
    <ClInclude Include="include\gimath.h">
      <Filter>core</Filter>
    </ClInclude>
    <ClInclude Include="include\scope_guard.h">
      <Filter>core</Filter>
    </ClInclude>
    <ClInclude Include="include\windows\os_windows.h">
      <Filter>os</Filter>
    </ClInclude>
    <ClInclude Include="include\enums.h" />
    <ClInclude Include="include\unique.h">
      <Filter>pattern</Filter>
    </ClInclude>
    <ClInclude Include="src\dx11\dx11.h" />
    <ClInclude Include="include\debug.h" />
    <ClInclude Include="include\renderers.h" />
    <ClInclude Include="include\range.h" />
    <ClInclude Include="include\component.h" />
    <ClInclude Include="include\spatial hierarchy\volume_hierarchy.h">
      <Filter>scene</Filter>
    </ClInclude>
    <ClInclude Include="include\spatial hierarchy\octree.h" />
    <ClInclude Include="include\gilib.h" />
  </ItemGroup>
  <ItemGroup>
    <ClCompile Include="src\timer.cpp">
      <Filter>core</Filter>
    </ClCompile>
    <ClCompile Include="src\dx11\dx11graphics.cpp">
      <Filter>graphics\directx XI</Filter>
    </ClCompile>
    <ClCompile Include="src\core.cpp">
      <Filter>core</Filter>
    </ClCompile>
    <ClCompile Include="src\graphics.cpp">
      <Filter>graphics</Filter>
    </ClCompile>
    <ClCompile Include="src\dx11\dx11resources.cpp">
      <Filter>graphics\directx XI</Filter>
    </ClCompile>
    <ClCompile Include="src\components.cpp">
      <Filter>scene</Filter>
    </ClCompile>
    <ClCompile Include="src\scene.cpp">
      <Filter>scene</Filter>
    </ClCompile>
    <ClCompile Include="src\fbx\fbx.cpp">
      <Filter>FBX</Filter>
    </ClCompile>
    <ClCompile Include="src\bundles.cpp">
      <Filter>graphics</Filter>
    </ClCompile>
    <ClCompile Include="src\gimath.cpp">
      <Filter>core</Filter>
    </ClCompile>
    <ClCompile Include="src\windows\os_windows.cpp">
      <Filter>os</Filter>
    </ClCompile>
    <ClCompile Include="src\dx11\dx11.cpp" />
    <ClCompile Include="src\exceptions.cpp" />
    <ClCompile Include="src\observable.cpp" />
    <ClCompile Include="src\component.cpp" />
    <ClCompile Include="src\spatial hierarchy\volume_hierarchy.cpp">
      <Filter>scene</Filter>
    </ClCompile>
    <ClCompile Include="src\spatial hierarchy\octree.cpp" />
  </ItemGroup>
</Project>